// !$*UTF8*$!
{
	archiveVersion = 1;
	classes = {
	};
	objectVersion = 55;
	objects = {

/* Begin PBXBuildFile section */
		2121F59927AE8365007A65B8 /* CookingStepsView.swift in Sources */ = {isa = PBXBuildFile; fileRef = 2121F59827AE8365007A65B8 /* CookingStepsView.swift */; };
		2121F59C27AE999D007A65B8 /* CookingStepsViewModel.swift in Sources */ = {isa = PBXBuildFile; fileRef = 2121F59B27AE999D007A65B8 /* CookingStepsViewModel.swift */; };
		2121F59E27AE99B0007A65B8 /* StepsCardViewModel.swift in Sources */ = {isa = PBXBuildFile; fileRef = 2121F59D27AE99B0007A65B8 /* StepsCardViewModel.swift */; };
		2121F5A127AE9A1E007A65B8 /* TimerButtonContainer.swift in Sources */ = {isa = PBXBuildFile; fileRef = 2121F5A027AE9A1E007A65B8 /* TimerButtonContainer.swift */; };
		218C0C8127AE111A0072C744 /* recipe.json in Resources */ = {isa = PBXBuildFile; fileRef = 218C0C8027AE111A0072C744 /* recipe.json */; };
		218C0C8427AE154E0072C744 /* Recipe.swift in Sources */ = {isa = PBXBuildFile; fileRef = 218C0C8327AE154E0072C744 /* Recipe.swift */; };
		218C0C8627AE307D0072C744 /* Helper.swift in Sources */ = {isa = PBXBuildFile; fileRef = 218C0C8527AE307D0072C744 /* Helper.swift */; };
		218C0C8827AE47F70072C744 /* ItemDetail.swift in Sources */ = {isa = PBXBuildFile; fileRef = 218C0C8727AE47F70072C744 /* ItemDetail.swift */; };
		21A77C6827ADFEFA007DDB44 /* KainshApp.swift in Sources */ = {isa = PBXBuildFile; fileRef = 21A77C6727ADFEFA007DDB44 /* KainshApp.swift */; };
		21A77C6A27ADFEFA007DDB44 /* ContentView.swift in Sources */ = {isa = PBXBuildFile; fileRef = 21A77C6927ADFEFA007DDB44 /* ContentView.swift */; };
		21A77C6C27ADFEFC007DDB44 /* Assets.xcassets in Resources */ = {isa = PBXBuildFile; fileRef = 21A77C6B27ADFEFC007DDB44 /* Assets.xcassets */; };
		21A77C6F27ADFEFC007DDB44 /* Preview Assets.xcassets in Resources */ = {isa = PBXBuildFile; fileRef = 21A77C6E27ADFEFC007DDB44 /* Preview Assets.xcassets */; };
		21A77C7927ADFEFD007DDB44 /* KainshTests.swift in Sources */ = {isa = PBXBuildFile; fileRef = 21A77C7827ADFEFD007DDB44 /* KainshTests.swift */; };
		21A77C8327ADFEFD007DDB44 /* KainshUITests.swift in Sources */ = {isa = PBXBuildFile; fileRef = 21A77C8227ADFEFD007DDB44 /* KainshUITests.swift */; };
		21A77C8527ADFEFD007DDB44 /* KainshUITestsLaunchTests.swift in Sources */ = {isa = PBXBuildFile; fileRef = 21A77C8427ADFEFD007DDB44 /* KainshUITestsLaunchTests.swift */; };
/* End PBXBuildFile section */

/* Begin PBXContainerItemProxy section */
		21A77C7527ADFEFD007DDB44 /* PBXContainerItemProxy */ = {
			isa = PBXContainerItemProxy;
			containerPortal = 21A77C5C27ADFEFA007DDB44 /* Project object */;
			proxyType = 1;
			remoteGlobalIDString = 21A77C6327ADFEFA007DDB44;
			remoteInfo = Kainsh;
		};
		21A77C7F27ADFEFD007DDB44 /* PBXContainerItemProxy */ = {
			isa = PBXContainerItemProxy;
			containerPortal = 21A77C5C27ADFEFA007DDB44 /* Project object */;
			proxyType = 1;
			remoteGlobalIDString = 21A77C6327ADFEFA007DDB44;
			remoteInfo = Kainsh;
		};
/* End PBXContainerItemProxy section */

/* Begin PBXFileReference section */
		2121F59827AE8365007A65B8 /* CookingStepsView.swift */ = {isa = PBXFileReference; lastKnownFileType = sourcecode.swift; path = CookingStepsView.swift; sourceTree = "<group>"; };
		2121F59B27AE999D007A65B8 /* CookingStepsViewModel.swift */ = {isa = PBXFileReference; lastKnownFileType = sourcecode.swift; path = CookingStepsViewModel.swift; sourceTree = "<group>"; };
		2121F59D27AE99B0007A65B8 /* StepsCardViewModel.swift */ = {isa = PBXFileReference; lastKnownFileType = sourcecode.swift; path = StepsCardViewModel.swift; sourceTree = "<group>"; };
		2121F5A027AE9A1E007A65B8 /* TimerButtonContainer.swift */ = {isa = PBXFileReference; lastKnownFileType = sourcecode.swift; path = TimerButtonContainer.swift; sourceTree = "<group>"; };
		218C0C8027AE111A0072C744 /* recipe.json */ = {isa = PBXFileReference; fileEncoding = 4; lastKnownFileType = text.json; path = recipe.json; sourceTree = "<group>"; };
		218C0C8327AE154E0072C744 /* Recipe.swift */ = {isa = PBXFileReference; lastKnownFileType = sourcecode.swift; path = Recipe.swift; sourceTree = "<group>"; };
		218C0C8527AE307D0072C744 /* Helper.swift */ = {isa = PBXFileReference; lastKnownFileType = sourcecode.swift; path = Helper.swift; sourceTree = "<group>"; };
		218C0C8727AE47F70072C744 /* ItemDetail.swift */ = {isa = PBXFileReference; lastKnownFileType = sourcecode.swift; path = ItemDetail.swift; sourceTree = "<group>"; };
		21A77C6427ADFEFA007DDB44 /* Kainsh.app */ = {isa = PBXFileReference; explicitFileType = wrapper.application; includeInIndex = 0; path = Kainsh.app; sourceTree = BUILT_PRODUCTS_DIR; };
		21A77C6727ADFEFA007DDB44 /* KainshApp.swift */ = {isa = PBXFileReference; lastKnownFileType = sourcecode.swift; path = KainshApp.swift; sourceTree = "<group>"; };
		21A77C6927ADFEFA007DDB44 /* ContentView.swift */ = {isa = PBXFileReference; lastKnownFileType = sourcecode.swift; path = ContentView.swift; sourceTree = "<group>"; };
		21A77C6B27ADFEFC007DDB44 /* Assets.xcassets */ = {isa = PBXFileReference; lastKnownFileType = folder.assetcatalog; path = Assets.xcassets; sourceTree = "<group>"; };
		21A77C6E27ADFEFC007DDB44 /* Preview Assets.xcassets */ = {isa = PBXFileReference; lastKnownFileType = folder.assetcatalog; path = "Preview Assets.xcassets"; sourceTree = "<group>"; };
		21A77C7427ADFEFD007DDB44 /* KainshTests.xctest */ = {isa = PBXFileReference; explicitFileType = wrapper.cfbundle; includeInIndex = 0; path = KainshTests.xctest; sourceTree = BUILT_PRODUCTS_DIR; };
		21A77C7827ADFEFD007DDB44 /* KainshTests.swift */ = {isa = PBXFileReference; lastKnownFileType = sourcecode.swift; path = KainshTests.swift; sourceTree = "<group>"; };
		21A77C7E27ADFEFD007DDB44 /* KainshUITests.xctest */ = {isa = PBXFileReference; explicitFileType = wrapper.cfbundle; includeInIndex = 0; path = KainshUITests.xctest; sourceTree = BUILT_PRODUCTS_DIR; };
		21A77C8227ADFEFD007DDB44 /* KainshUITests.swift */ = {isa = PBXFileReference; lastKnownFileType = sourcecode.swift; path = KainshUITests.swift; sourceTree = "<group>"; };
		21A77C8427ADFEFD007DDB44 /* KainshUITestsLaunchTests.swift */ = {isa = PBXFileReference; lastKnownFileType = sourcecode.swift; path = KainshUITestsLaunchTests.swift; sourceTree = "<group>"; };
		21A77C9127AE0079007DDB44 /* Info.plist */ = {isa = PBXFileReference; lastKnownFileType = text.plist; path = Info.plist; sourceTree = "<group>"; };
/* End PBXFileReference section */

/* Begin PBXFrameworksBuildPhase section */
		21A77C6127ADFEFA007DDB44 /* Frameworks */ = {
			isa = PBXFrameworksBuildPhase;
			buildActionMask = 2147483647;
			files = (
			);
			runOnlyForDeploymentPostprocessing = 0;
		};
		21A77C7127ADFEFD007DDB44 /* Frameworks */ = {
			isa = PBXFrameworksBuildPhase;
			buildActionMask = 2147483647;
			files = (
			);
			runOnlyForDeploymentPostprocessing = 0;
		};
		21A77C7B27ADFEFD007DDB44 /* Frameworks */ = {
			isa = PBXFrameworksBuildPhase;
			buildActionMask = 2147483647;
			files = (
			);
			runOnlyForDeploymentPostprocessing = 0;
		};
/* End PBXFrameworksBuildPhase section */

/* Begin PBXGroup section */
		2121F59A27AE9977007A65B8 /* CookingSteps */ = {
			isa = PBXGroup;
			children = (
				2121F59827AE8365007A65B8 /* CookingStepsView.swift */,
				2121F59D27AE99B0007A65B8 /* StepsCardViewModel.swift */,
				2121F59B27AE999D007A65B8 /* CookingStepsViewModel.swift */,
			);
			path = CookingSteps;
			sourceTree = "<group>";
		};
		2121F59F27AE99FF007A65B8 /* Views */ = {
			isa = PBXGroup;
			children = (
				21A77C6927ADFEFA007DDB44 /* ContentView.swift */,
				218C0C8727AE47F70072C744 /* ItemDetail.swift */,
				2121F59A27AE9977007A65B8 /* CookingSteps */,
				2121F5A027AE9A1E007A65B8 /* TimerButtonContainer.swift */,
			);
			path = Views;
			sourceTree = "<group>";
		};
		218C0C8227AE15410072C744 /* Model */ = {
			isa = PBXGroup;
			children = (
				218C0C8327AE154E0072C744 /* Recipe.swift */,
				218C0C8027AE111A0072C744 /* recipe.json */,
			);
			path = Model;
			sourceTree = "<group>";
		};
		21A77C5B27ADFEFA007DDB44 = {
			isa = PBXGroup;
			children = (
				21A77C6627ADFEFA007DDB44 /* Kainsh */,
				21A77C7727ADFEFD007DDB44 /* KainshTests */,
				21A77C8127ADFEFD007DDB44 /* KainshUITests */,
				21A77C6527ADFEFA007DDB44 /* Products */,
			);
			sourceTree = "<group>";
		};
		21A77C6527ADFEFA007DDB44 /* Products */ = {
			isa = PBXGroup;
			children = (
				21A77C6427ADFEFA007DDB44 /* Kainsh.app */,
				21A77C7427ADFEFD007DDB44 /* KainshTests.xctest */,
				21A77C7E27ADFEFD007DDB44 /* KainshUITests.xctest */,
			);
			name = Products;
			sourceTree = "<group>";
		};
		21A77C6627ADFEFA007DDB44 /* Kainsh */ = {
			isa = PBXGroup;
			children = (
				218C0C8527AE307D0072C744 /* Helper.swift */,
				218C0C8227AE15410072C744 /* Model */,
				21A77C9127AE0079007DDB44 /* Info.plist */,
				21A77C6727ADFEFA007DDB44 /* KainshApp.swift */,
				2121F59F27AE99FF007A65B8 /* Views */,
				21A77C6B27ADFEFC007DDB44 /* Assets.xcassets */,
				21A77C6D27ADFEFC007DDB44 /* Preview Content */,
			);
			path = Kainsh;
			sourceTree = "<group>";
		};
		21A77C6D27ADFEFC007DDB44 /* Preview Content */ = {
			isa = PBXGroup;
			children = (
				21A77C6E27ADFEFC007DDB44 /* Preview Assets.xcassets */,
			);
			path = "Preview Content";
			sourceTree = "<group>";
		};
		21A77C7727ADFEFD007DDB44 /* KainshTests */ = {
			isa = PBXGroup;
			children = (
				21A77C7827ADFEFD007DDB44 /* KainshTests.swift */,
			);
			path = KainshTests;
			sourceTree = "<group>";
		};
		21A77C8127ADFEFD007DDB44 /* KainshUITests */ = {
			isa = PBXGroup;
			children = (
				21A77C8227ADFEFD007DDB44 /* KainshUITests.swift */,
				21A77C8427ADFEFD007DDB44 /* KainshUITestsLaunchTests.swift */,
			);
			path = KainshUITests;
			sourceTree = "<group>";
		};
/* End PBXGroup section */

/* Begin PBXNativeTarget section */
		21A77C6327ADFEFA007DDB44 /* Kainsh */ = {
			isa = PBXNativeTarget;
			buildConfigurationList = 21A77C8827ADFEFD007DDB44 /* Build configuration list for PBXNativeTarget "Kainsh" */;
			buildPhases = (
				21A77C6027ADFEFA007DDB44 /* Sources */,
				21A77C6127ADFEFA007DDB44 /* Frameworks */,
				21A77C6227ADFEFA007DDB44 /* Resources */,
			);
			buildRules = (
			);
			dependencies = (
			);
			name = Kainsh;
			productName = Kainsh;
			productReference = 21A77C6427ADFEFA007DDB44 /* Kainsh.app */;
			productType = "com.apple.product-type.application";
		};
		21A77C7327ADFEFD007DDB44 /* KainshTests */ = {
			isa = PBXNativeTarget;
			buildConfigurationList = 21A77C8B27ADFEFD007DDB44 /* Build configuration list for PBXNativeTarget "KainshTests" */;
			buildPhases = (
				21A77C7027ADFEFD007DDB44 /* Sources */,
				21A77C7127ADFEFD007DDB44 /* Frameworks */,
				21A77C7227ADFEFD007DDB44 /* Resources */,
			);
			buildRules = (
			);
			dependencies = (
				21A77C7627ADFEFD007DDB44 /* PBXTargetDependency */,
			);
			name = KainshTests;
			productName = KainshTests;
			productReference = 21A77C7427ADFEFD007DDB44 /* KainshTests.xctest */;
			productType = "com.apple.product-type.bundle.unit-test";
		};
		21A77C7D27ADFEFD007DDB44 /* KainshUITests */ = {
			isa = PBXNativeTarget;
			buildConfigurationList = 21A77C8E27ADFEFD007DDB44 /* Build configuration list for PBXNativeTarget "KainshUITests" */;
			buildPhases = (
				21A77C7A27ADFEFD007DDB44 /* Sources */,
				21A77C7B27ADFEFD007DDB44 /* Frameworks */,
				21A77C7C27ADFEFD007DDB44 /* Resources */,
			);
			buildRules = (
			);
			dependencies = (
				21A77C8027ADFEFD007DDB44 /* PBXTargetDependency */,
			);
			name = KainshUITests;
			productName = KainshUITests;
			productReference = 21A77C7E27ADFEFD007DDB44 /* KainshUITests.xctest */;
			productType = "com.apple.product-type.bundle.ui-testing";
		};
/* End PBXNativeTarget section */

/* Begin PBXProject section */
		21A77C5C27ADFEFA007DDB44 /* Project object */ = {
			isa = PBXProject;
			attributes = {
				BuildIndependentTargetsInParallel = 1;
				LastSwiftUpdateCheck = 1320;
				LastUpgradeCheck = 1320;
				TargetAttributes = {
					21A77C6327ADFEFA007DDB44 = {
						CreatedOnToolsVersion = 13.2;
					};
					21A77C7327ADFEFD007DDB44 = {
						CreatedOnToolsVersion = 13.2;
						TestTargetID = 21A77C6327ADFEFA007DDB44;
					};
					21A77C7D27ADFEFD007DDB44 = {
						CreatedOnToolsVersion = 13.2;
						TestTargetID = 21A77C6327ADFEFA007DDB44;
					};
				};
			};
			buildConfigurationList = 21A77C5F27ADFEFA007DDB44 /* Build configuration list for PBXProject "Kainsh" */;
			compatibilityVersion = "Xcode 13.0";
			developmentRegion = en;
			hasScannedForEncodings = 0;
			knownRegions = (
				en,
				Base,
			);
			mainGroup = 21A77C5B27ADFEFA007DDB44;
			productRefGroup = 21A77C6527ADFEFA007DDB44 /* Products */;
			projectDirPath = "";
			projectRoot = "";
			targets = (
				21A77C6327ADFEFA007DDB44 /* Kainsh */,
				21A77C7327ADFEFD007DDB44 /* KainshTests */,
				21A77C7D27ADFEFD007DDB44 /* KainshUITests */,
			);
		};
/* End PBXProject section */

/* Begin PBXResourcesBuildPhase section */
		21A77C6227ADFEFA007DDB44 /* Resources */ = {
			isa = PBXResourcesBuildPhase;
			buildActionMask = 2147483647;
			files = (
				21A77C6F27ADFEFC007DDB44 /* Preview Assets.xcassets in Resources */,
				218C0C8127AE111A0072C744 /* recipe.json in Resources */,
				21A77C6C27ADFEFC007DDB44 /* Assets.xcassets in Resources */,
			);
			runOnlyForDeploymentPostprocessing = 0;
		};
		21A77C7227ADFEFD007DDB44 /* Resources */ = {
			isa = PBXResourcesBuildPhase;
			buildActionMask = 2147483647;
			files = (
			);
			runOnlyForDeploymentPostprocessing = 0;
		};
		21A77C7C27ADFEFD007DDB44 /* Resources */ = {
			isa = PBXResourcesBuildPhase;
			buildActionMask = 2147483647;
			files = (
			);
			runOnlyForDeploymentPostprocessing = 0;
		};
/* End PBXResourcesBuildPhase section */

/* Begin PBXSourcesBuildPhase section */
		21A77C6027ADFEFA007DDB44 /* Sources */ = {
			isa = PBXSourcesBuildPhase;
			buildActionMask = 2147483647;
			files = (
				2121F59E27AE99B0007A65B8 /* StepsCardViewModel.swift in Sources */,
				218C0C8427AE154E0072C744 /* Recipe.swift in Sources */,
				21A77C6A27ADFEFA007DDB44 /* ContentView.swift in Sources */,
				21A77C6827ADFEFA007DDB44 /* KainshApp.swift in Sources */,
				2121F5A127AE9A1E007A65B8 /* TimerButtonContainer.swift in Sources */,
				2121F59C27AE999D007A65B8 /* CookingStepsViewModel.swift in Sources */,
				218C0C8827AE47F70072C744 /* ItemDetail.swift in Sources */,
				218C0C8627AE307D0072C744 /* Helper.swift in Sources */,
				2121F59927AE8365007A65B8 /* CookingStepsView.swift in Sources */,
			);
			runOnlyForDeploymentPostprocessing = 0;
		};
		21A77C7027ADFEFD007DDB44 /* Sources */ = {
			isa = PBXSourcesBuildPhase;
			buildActionMask = 2147483647;
			files = (
				21A77C7927ADFEFD007DDB44 /* KainshTests.swift in Sources */,
			);
			runOnlyForDeploymentPostprocessing = 0;
		};
		21A77C7A27ADFEFD007DDB44 /* Sources */ = {
			isa = PBXSourcesBuildPhase;
			buildActionMask = 2147483647;
			files = (
				21A77C8527ADFEFD007DDB44 /* KainshUITestsLaunchTests.swift in Sources */,
				21A77C8327ADFEFD007DDB44 /* KainshUITests.swift in Sources */,
			);
			runOnlyForDeploymentPostprocessing = 0;
		};
/* End PBXSourcesBuildPhase section */

/* Begin PBXTargetDependency section */
		21A77C7627ADFEFD007DDB44 /* PBXTargetDependency */ = {
			isa = PBXTargetDependency;
			target = 21A77C6327ADFEFA007DDB44 /* Kainsh */;
			targetProxy = 21A77C7527ADFEFD007DDB44 /* PBXContainerItemProxy */;
		};
		21A77C8027ADFEFD007DDB44 /* PBXTargetDependency */ = {
			isa = PBXTargetDependency;
			target = 21A77C6327ADFEFA007DDB44 /* Kainsh */;
			targetProxy = 21A77C7F27ADFEFD007DDB44 /* PBXContainerItemProxy */;
		};
/* End PBXTargetDependency section */

/* Begin XCBuildConfiguration section */
		21A77C8627ADFEFD007DDB44 /* Debug */ = {
			isa = XCBuildConfiguration;
			buildSettings = {
				ALWAYS_SEARCH_USER_PATHS = NO;
				CLANG_ANALYZER_NONNULL = YES;
				CLANG_ANALYZER_NUMBER_OBJECT_CONVERSION = YES_AGGRESSIVE;
				CLANG_CXX_LANGUAGE_STANDARD = "gnu++17";
				CLANG_CXX_LIBRARY = "libc++";
				CLANG_ENABLE_MODULES = YES;
				CLANG_ENABLE_OBJC_ARC = YES;
				CLANG_ENABLE_OBJC_WEAK = YES;
				CLANG_WARN_BLOCK_CAPTURE_AUTORELEASING = YES;
				CLANG_WARN_BOOL_CONVERSION = YES;
				CLANG_WARN_COMMA = YES;
				CLANG_WARN_CONSTANT_CONVERSION = YES;
				CLANG_WARN_DEPRECATED_OBJC_IMPLEMENTATIONS = YES;
				CLANG_WARN_DIRECT_OBJC_ISA_USAGE = YES_ERROR;
				CLANG_WARN_DOCUMENTATION_COMMENTS = YES;
				CLANG_WARN_EMPTY_BODY = YES;
				CLANG_WARN_ENUM_CONVERSION = YES;
				CLANG_WARN_INFINITE_RECURSION = YES;
				CLANG_WARN_INT_CONVERSION = YES;
				CLANG_WARN_NON_LITERAL_NULL_CONVERSION = YES;
				CLANG_WARN_OBJC_IMPLICIT_RETAIN_SELF = YES;
				CLANG_WARN_OBJC_LITERAL_CONVERSION = YES;
				CLANG_WARN_OBJC_ROOT_CLASS = YES_ERROR;
				CLANG_WARN_QUOTED_INCLUDE_IN_FRAMEWORK_HEADER = YES;
				CLANG_WARN_RANGE_LOOP_ANALYSIS = YES;
				CLANG_WARN_STRICT_PROTOTYPES = YES;
				CLANG_WARN_SUSPICIOUS_MOVE = YES;
				CLANG_WARN_UNGUARDED_AVAILABILITY = YES_AGGRESSIVE;
				CLANG_WARN_UNREACHABLE_CODE = YES;
				CLANG_WARN__DUPLICATE_METHOD_MATCH = YES;
				COPY_PHASE_STRIP = NO;
				DEBUG_INFORMATION_FORMAT = dwarf;
				ENABLE_STRICT_OBJC_MSGSEND = YES;
				ENABLE_TESTABILITY = YES;
				GCC_C_LANGUAGE_STANDARD = gnu11;
				GCC_DYNAMIC_NO_PIC = NO;
				GCC_NO_COMMON_BLOCKS = YES;
				GCC_OPTIMIZATION_LEVEL = 0;
				GCC_PREPROCESSOR_DEFINITIONS = (
					"DEBUG=1",
					"$(inherited)",
				);
				GCC_WARN_64_TO_32_BIT_CONVERSION = YES;
				GCC_WARN_ABOUT_RETURN_TYPE = YES_ERROR;
				GCC_WARN_UNDECLARED_SELECTOR = YES;
				GCC_WARN_UNINITIALIZED_AUTOS = YES_AGGRESSIVE;
				GCC_WARN_UNUSED_FUNCTION = YES;
				GCC_WARN_UNUSED_VARIABLE = YES;
				IPHONEOS_DEPLOYMENT_TARGET = 15.2;
				MTL_ENABLE_DEBUG_INFO = INCLUDE_SOURCE;
				MTL_FAST_MATH = YES;
				ONLY_ACTIVE_ARCH = YES;
				SDKROOT = iphoneos;
				SWIFT_ACTIVE_COMPILATION_CONDITIONS = DEBUG;
				SWIFT_OPTIMIZATION_LEVEL = "-Onone";
			};
			name = Debug;
		};
		21A77C8727ADFEFD007DDB44 /* Release */ = {
			isa = XCBuildConfiguration;
			buildSettings = {
				ALWAYS_SEARCH_USER_PATHS = NO;
				CLANG_ANALYZER_NONNULL = YES;
				CLANG_ANALYZER_NUMBER_OBJECT_CONVERSION = YES_AGGRESSIVE;
				CLANG_CXX_LANGUAGE_STANDARD = "gnu++17";
				CLANG_CXX_LIBRARY = "libc++";
				CLANG_ENABLE_MODULES = YES;
				CLANG_ENABLE_OBJC_ARC = YES;
				CLANG_ENABLE_OBJC_WEAK = YES;
				CLANG_WARN_BLOCK_CAPTURE_AUTORELEASING = YES;
				CLANG_WARN_BOOL_CONVERSION = YES;
				CLANG_WARN_COMMA = YES;
				CLANG_WARN_CONSTANT_CONVERSION = YES;
				CLANG_WARN_DEPRECATED_OBJC_IMPLEMENTATIONS = YES;
				CLANG_WARN_DIRECT_OBJC_ISA_USAGE = YES_ERROR;
				CLANG_WARN_DOCUMENTATION_COMMENTS = YES;
				CLANG_WARN_EMPTY_BODY = YES;
				CLANG_WARN_ENUM_CONVERSION = YES;
				CLANG_WARN_INFINITE_RECURSION = YES;
				CLANG_WARN_INT_CONVERSION = YES;
				CLANG_WARN_NON_LITERAL_NULL_CONVERSION = YES;
				CLANG_WARN_OBJC_IMPLICIT_RETAIN_SELF = YES;
				CLANG_WARN_OBJC_LITERAL_CONVERSION = YES;
				CLANG_WARN_OBJC_ROOT_CLASS = YES_ERROR;
				CLANG_WARN_QUOTED_INCLUDE_IN_FRAMEWORK_HEADER = YES;
				CLANG_WARN_RANGE_LOOP_ANALYSIS = YES;
				CLANG_WARN_STRICT_PROTOTYPES = YES;
				CLANG_WARN_SUSPICIOUS_MOVE = YES;
				CLANG_WARN_UNGUARDED_AVAILABILITY = YES_AGGRESSIVE;
				CLANG_WARN_UNREACHABLE_CODE = YES;
				CLANG_WARN__DUPLICATE_METHOD_MATCH = YES;
				COPY_PHASE_STRIP = NO;
				DEBUG_INFORMATION_FORMAT = "dwarf-with-dsym";
				ENABLE_NS_ASSERTIONS = NO;
				ENABLE_STRICT_OBJC_MSGSEND = YES;
				GCC_C_LANGUAGE_STANDARD = gnu11;
				GCC_NO_COMMON_BLOCKS = YES;
				GCC_WARN_64_TO_32_BIT_CONVERSION = YES;
				GCC_WARN_ABOUT_RETURN_TYPE = YES_ERROR;
				GCC_WARN_UNDECLARED_SELECTOR = YES;
				GCC_WARN_UNINITIALIZED_AUTOS = YES_AGGRESSIVE;
				GCC_WARN_UNUSED_FUNCTION = YES;
				GCC_WARN_UNUSED_VARIABLE = YES;
				IPHONEOS_DEPLOYMENT_TARGET = 15.2;
				MTL_ENABLE_DEBUG_INFO = NO;
				MTL_FAST_MATH = YES;
				SDKROOT = iphoneos;
				SWIFT_COMPILATION_MODE = wholemodule;
				SWIFT_OPTIMIZATION_LEVEL = "-O";
				VALIDATE_PRODUCT = YES;
			};
			name = Release;
		};
		21A77C8927ADFEFD007DDB44 /* Debug */ = {
			isa = XCBuildConfiguration;
			buildSettings = {
				ASSETCATALOG_COMPILER_APPICON_NAME = AppIcon;
				ASSETCATALOG_COMPILER_GLOBAL_ACCENT_COLOR_NAME = AccentColor;
				CODE_SIGN_STYLE = Automatic;
				CURRENT_PROJECT_VERSION = 1;
				DEVELOPMENT_ASSET_PATHS = "\"Kainsh/Preview Content\"";
				ENABLE_PREVIEWS = YES;
				GENERATE_INFOPLIST_FILE = YES;
				INFOPLIST_FILE = Kainsh/Info.plist;
				INFOPLIST_KEY_UIApplicationSupportsIndirectInputEvents = YES;
				INFOPLIST_KEY_UILaunchScreen_Generation = YES;
				INFOPLIST_KEY_UISupportedInterfaceOrientations_iPad = "UIInterfaceOrientationPortrait UIInterfaceOrientationPortraitUpsideDown UIInterfaceOrientationLandscapeLeft UIInterfaceOrientationLandscapeRight";
				INFOPLIST_KEY_UISupportedInterfaceOrientations_iPhone = "UIInterfaceOrientationPortrait UIInterfaceOrientationLandscapeLeft UIInterfaceOrientationLandscapeRight";
				IPHONEOS_DEPLOYMENT_TARGET = 15.0;
				LD_RUNPATH_SEARCH_PATHS = (
					"$(inherited)",
					"@executable_path/Frameworks",
				);
				MARKETING_VERSION = 1.0;
				PRODUCT_BUNDLE_IDENTIFIER = me.viennarz.Kainsh;
				PRODUCT_NAME = "$(TARGET_NAME)";
				SWIFT_EMIT_LOC_STRINGS = YES;
				SWIFT_VERSION = 5.0;
				TARGETED_DEVICE_FAMILY = "1,2";
			};
			name = Debug;
		};
		21A77C8A27ADFEFD007DDB44 /* Release */ = {
			isa = XCBuildConfiguration;
			buildSettings = {
				ASSETCATALOG_COMPILER_APPICON_NAME = AppIcon;
				ASSETCATALOG_COMPILER_GLOBAL_ACCENT_COLOR_NAME = AccentColor;
				CODE_SIGN_STYLE = Automatic;
				CURRENT_PROJECT_VERSION = 1;
				DEVELOPMENT_ASSET_PATHS = "\"Kainsh/Preview Content\"";
				ENABLE_PREVIEWS = YES;
				GENERATE_INFOPLIST_FILE = YES;
				INFOPLIST_FILE = Kainsh/Info.plist;
				INFOPLIST_KEY_UIApplicationSupportsIndirectInputEvents = YES;
				INFOPLIST_KEY_UILaunchScreen_Generation = YES;
				INFOPLIST_KEY_UISupportedInterfaceOrientations_iPad = "UIInterfaceOrientationPortrait UIInterfaceOrientationPortraitUpsideDown UIInterfaceOrientationLandscapeLeft UIInterfaceOrientationLandscapeRight";
				INFOPLIST_KEY_UISupportedInterfaceOrientations_iPhone = "UIInterfaceOrientationPortrait UIInterfaceOrientationLandscapeLeft UIInterfaceOrientationLandscapeRight";
				IPHONEOS_DEPLOYMENT_TARGET = 15.0;
				LD_RUNPATH_SEARCH_PATHS = (
					"$(inherited)",
					"@executable_path/Frameworks",
				);
				MARKETING_VERSION = 1.0;
				PRODUCT_BUNDLE_IDENTIFIER = me.viennarz.Kainsh;
				PRODUCT_NAME = "$(TARGET_NAME)";
				SWIFT_EMIT_LOC_STRINGS = YES;
				SWIFT_VERSION = 5.0;
				TARGETED_DEVICE_FAMILY = "1,2";
			};
			name = Release;
		};
		21A77C8C27ADFEFD007DDB44 /* Debug */ = {
			isa = XCBuildConfiguration;
			buildSettings = {
				ALWAYS_EMBED_SWIFT_STANDARD_LIBRARIES = YES;
				BUNDLE_LOADER = "$(TEST_HOST)";
				CODE_SIGN_STYLE = Automatic;
				CURRENT_PROJECT_VERSION = 1;
				GENERATE_INFOPLIST_FILE = YES;
				IPHONEOS_DEPLOYMENT_TARGET = 15.2;
				MARKETING_VERSION = 1.0;
				PRODUCT_BUNDLE_IDENTIFIER = me.viennarz.KainshTests;
				PRODUCT_NAME = "$(TARGET_NAME)";
				SWIFT_EMIT_LOC_STRINGS = NO;
				SWIFT_VERSION = 5.0;
				TARGETED_DEVICE_FAMILY = "1,2";
				TEST_HOST = "$(BUILT_PRODUCTS_DIR)/Kainsh.app/Kainsh";
			};
			name = Debug;
		};
		21A77C8D27ADFEFD007DDB44 /* Release */ = {
			isa = XCBuildConfiguration;
			buildSettings = {
				ALWAYS_EMBED_SWIFT_STANDARD_LIBRARIES = YES;
				BUNDLE_LOADER = "$(TEST_HOST)";
				CODE_SIGN_STYLE = Automatic;
				CURRENT_PROJECT_VERSION = 1;
				GENERATE_INFOPLIST_FILE = YES;
				IPHONEOS_DEPLOYMENT_TARGET = 15.2;
				MARKETING_VERSION = 1.0;
				PRODUCT_BUNDLE_IDENTIFIER = me.viennarz.KainshTests;
				PRODUCT_NAME = "$(TARGET_NAME)";
				SWIFT_EMIT_LOC_STRINGS = NO;
				SWIFT_VERSION = 5.0;
				TARGETED_DEVICE_FAMILY = "1,2";
				TEST_HOST = "$(BUILT_PRODUCTS_DIR)/Kainsh.app/Kainsh";
			};
			name = Release;
		};
		21A77C8F27ADFEFD007DDB44 /* Debug */ = {
			isa = XCBuildConfiguration;
			buildSettings = {
				ALWAYS_EMBED_SWIFT_STANDARD_LIBRARIES = YES;
				CODE_SIGN_STYLE = Automatic;
				CURRENT_PROJECT_VERSION = 1;
				GENERATE_INFOPLIST_FILE = YES;
				MARKETING_VERSION = 1.0;
				PRODUCT_BUNDLE_IDENTIFIER = me.viennarz.KainshUITests;
				PRODUCT_NAME = "$(TARGET_NAME)";
				SWIFT_EMIT_LOC_STRINGS = NO;
				SWIFT_VERSION = 5.0;
				TARGETED_DEVICE_FAMILY = "1,2";
				TEST_TARGET_NAME = Kainsh;
			};
			name = Debug;
		};
		21A77C9027ADFEFD007DDB44 /* Release */ = {
			isa = XCBuildConfiguration;
			buildSettings = {
				ALWAYS_EMBED_SWIFT_STANDARD_LIBRARIES = YES;
				CODE_SIGN_STYLE = Automatic;
				CURRENT_PROJECT_VERSION = 1;
				GENERATE_INFOPLIST_FILE = YES;
				MARKETING_VERSION = 1.0;
				PRODUCT_BUNDLE_IDENTIFIER = me.viennarz.KainshUITests;
				PRODUCT_NAME = "$(TARGET_NAME)";
				SWIFT_EMIT_LOC_STRINGS = NO;
				SWIFT_VERSION = 5.0;
				TARGETED_DEVICE_FAMILY = "1,2";
				TEST_TARGET_NAME = Kainsh;
			};
			name = Release;
		};
/* End XCBuildConfiguration section */

/* Begin XCConfigurationList section */
		21A77C5F27ADFEFA007DDB44 /* Build configuration list for PBXProject "Kainsh" */ = {
			isa = XCConfigurationList;
			buildConfigurations = (
				21A77C8627ADFEFD007DDB44 /* Debug */,
				21A77C8727ADFEFD007DDB44 /* Release */,
			);
			defaultConfigurationIsVisible = 0;
			defaultConfigurationName = Release;
		};
		21A77C8827ADFEFD007DDB44 /* Build configuration list for PBXNativeTarget "Kainsh" */ = {
			isa = XCConfigurationList;
			buildConfigurations = (
				21A77C8927ADFEFD007DDB44 /* Debug */,
				21A77C8A27ADFEFD007DDB44 /* Release */,
			);
			defaultConfigurationIsVisible = 0;
			defaultConfigurationName = Release;
		};
		21A77C8B27ADFEFD007DDB44 /* Build configuration list for PBXNativeTarget "KainshTests" */ = {
			isa = XCConfigurationList;
			buildConfigurations = (
				21A77C8C27ADFEFD007DDB44 /* Debug */,
				21A77C8D27ADFEFD007DDB44 /* Release */,
			);
			defaultConfigurationIsVisible = 0;
			defaultConfigurationName = Release;
		};
		21A77C8E27ADFEFD007DDB44 /* Build configuration list for PBXNativeTarget "KainshUITests" */ = {
			isa = XCConfigurationList;
			buildConfigurations = (
				21A77C8F27ADFEFD007DDB44 /* Debug */,
				21A77C9027ADFEFD007DDB44 /* Release */,
			);
			defaultConfigurationIsVisible = 0;
			defaultConfigurationName = Release;
		};
/* End XCConfigurationList section */
	};
	rootObject = 21A77C5C27ADFEFA007DDB44 /* Project object */;
}
